// !$*UTF8*$!
{
	archiveVersion = 1;
	classes = {
	};
	objectVersion = 56;
	objects = {

/* Begin PBXBuildFile section */
		E94149A12A8E95B700269B94 /* RequestService.swift in Sources */ = {isa = PBXBuildFile; fileRef = E94149A02A8E95B700269B94 /* RequestService.swift */; };
		E94149A32A8EA8FA00269B94 /* DetailsScreenView.swift in Sources */ = {isa = PBXBuildFile; fileRef = E94149A22A8EA8FA00269B94 /* DetailsScreenView.swift */; };
		E94149A52A8EA9D300269B94 /* DetailsScreenViewModel.swift in Sources */ = {isa = PBXBuildFile; fileRef = E94149A42A8EA9D300269B94 /* DetailsScreenViewModel.swift */; };
		E94149A72A8EB26700269B94 /* DetailsMainCell.swift in Sources */ = {isa = PBXBuildFile; fileRef = E94149A62A8EB26700269B94 /* DetailsMainCell.swift */; };
		E94149AB2A8EBC2C00269B94 /* DetailsEpisodeCell.swift in Sources */ = {isa = PBXBuildFile; fileRef = E94149AA2A8EBC2C00269B94 /* DetailsEpisodeCell.swift */; };
		E94149AD2A8ED0CA00269B94 /* DetailsSectionHeader.swift in Sources */ = {isa = PBXBuildFile; fileRef = E94149AC2A8ED0CA00269B94 /* DetailsSectionHeader.swift */; };
		E94149AF2A8F896800269B94 /* DetailsInfoCell.swift in Sources */ = {isa = PBXBuildFile; fileRef = E94149AE2A8F896800269B94 /* DetailsInfoCell.swift */; };
		E94149B12A8F9DC400269B94 /* DetailsOriginCell.swift in Sources */ = {isa = PBXBuildFile; fileRef = E94149B02A8F9DC400269B94 /* DetailsOriginCell.swift */; };
		E94149B32A9153BF00269B94 /* StringFormatter.swift in Sources */ = {isa = PBXBuildFile; fileRef = E94149B22A9153BF00269B94 /* StringFormatter.swift */; };
		E94149B52A9238CC00269B94 /* CharacterDetailsModel.swift in Sources */ = {isa = PBXBuildFile; fileRef = E94149B42A9238CC00269B94 /* CharacterDetailsModel.swift */; };
		E94149B92A92391D00269B94 /* LocationModel.swift in Sources */ = {isa = PBXBuildFile; fileRef = E94149B82A92391D00269B94 /* LocationModel.swift */; };
		E94149BB2A92393B00269B94 /* EpisodeModel.swift in Sources */ = {isa = PBXBuildFile; fileRef = E94149BA2A92393B00269B94 /* EpisodeModel.swift */; };
		E94149BD2A92397B00269B94 /* CharacterModel.swift in Sources */ = {isa = PBXBuildFile; fileRef = E94149BC2A92397B00269B94 /* CharacterModel.swift */; };
		E94149BF2A92399300269B94 /* InfoModel.swift in Sources */ = {isa = PBXBuildFile; fileRef = E94149BE2A92399300269B94 /* InfoModel.swift */; };
		E94A0D122AC4542100A6AF9F /* MainScreenCollectionCellViewModel.swift in Sources */ = {isa = PBXBuildFile; fileRef = E94A0D112AC4542100A6AF9F /* MainScreenCollectionCellViewModel.swift */; };
		E94A0D142AC5997B00A6AF9F /* Constants.swift in Sources */ = {isa = PBXBuildFile; fileRef = E94A0D132AC5997B00A6AF9F /* Constants.swift */; };
		E94B02F72A9261890097A463 /* DetailsTableViewSourceManager.swift in Sources */ = {isa = PBXBuildFile; fileRef = E94B02F62A9261890097A463 /* DetailsTableViewSourceManager.swift */; };
		E94B02FA2A937B420097A463 /* MainCollectionViewFlowLayoutСonstants.swift in Sources */ = {isa = PBXBuildFile; fileRef = E94B02F92A937B420097A463 /* MainCollectionViewFlowLayoutСonstants.swift */; };
		E96E81272AB218700058F9DC /* CustomColor.swift in Sources */ = {isa = PBXBuildFile; fileRef = E96E81232AB218700058F9DC /* CustomColor.swift */; };
		E96E81282AB218700058F9DC /* BaseViewController.swift in Sources */ = {isa = PBXBuildFile; fileRef = E96E81242AB218700058F9DC /* BaseViewController.swift */; };
		E96E81292AB218700058F9DC /* GradientLoader.swift in Sources */ = {isa = PBXBuildFile; fileRef = E96E81252AB218700058F9DC /* GradientLoader.swift */; };
		E96E812A2AB218700058F9DC /* BaseNavigationController.swift in Sources */ = {isa = PBXBuildFile; fileRef = E96E81262AB218700058F9DC /* BaseNavigationController.swift */; };
		E96E812D2AB23AEA0058F9DC /* CoreDataCharacterModel.swift in Sources */ = {isa = PBXBuildFile; fileRef = E96E812B2AB23AEA0058F9DC /* CoreDataCharacterModel.swift */; };
		E96E812E2AB23AEA0058F9DC /* CoreDataManager.swift in Sources */ = {isa = PBXBuildFile; fileRef = E96E812C2AB23AEA0058F9DC /* CoreDataManager.swift */; };
		E96E81372AB245CD0058F9DC /* CoreData.xcdatamodeld in Sources */ = {isa = PBXBuildFile; fileRef = E96E81352AB245CD0058F9DC /* CoreData.xcdatamodeld */; };
		E9FFECA82A8E239E00ED532B /* Assets.xcassets in Resources */ = {isa = PBXBuildFile; fileRef = E9FFECA72A8E239E00ED532B /* Assets.xcassets */; };
		E9FFECAB2A8E239E00ED532B /* LaunchScreen.storyboard in Resources */ = {isa = PBXBuildFile; fileRef = E9FFECA92A8E239E00ED532B /* LaunchScreen.storyboard */; };
		E9FFECB62A8E413A00ED532B /* AppDelegate.swift in Sources */ = {isa = PBXBuildFile; fileRef = E9FFEC9E2A8E239C00ED532B /* AppDelegate.swift */; };
		E9FFECC32A8E504100ED532B /* MainScreenView.swift in Sources */ = {isa = PBXBuildFile; fileRef = E9FFECC22A8E504100ED532B /* MainScreenView.swift */; };
		E9FFECC52A8E505700ED532B /* MainScreenViewModel.swift in Sources */ = {isa = PBXBuildFile; fileRef = E9FFECC42A8E505700ED532B /* MainScreenViewModel.swift */; };
		E9FFECC72A8E507600ED532B /* MainScreenCollectionCell.swift in Sources */ = {isa = PBXBuildFile; fileRef = E9FFECC62A8E507600ED532B /* MainScreenCollectionCell.swift */; };
/* End PBXBuildFile section */

/* Begin PBXFileReference section */
		E94149A02A8E95B700269B94 /* RequestService.swift */ = {isa = PBXFileReference; lastKnownFileType = sourcecode.swift; path = RequestService.swift; sourceTree = "<group>"; };
		E94149A22A8EA8FA00269B94 /* DetailsScreenView.swift */ = {isa = PBXFileReference; lastKnownFileType = sourcecode.swift; path = DetailsScreenView.swift; sourceTree = "<group>"; };
		E94149A42A8EA9D300269B94 /* DetailsScreenViewModel.swift */ = {isa = PBXFileReference; lastKnownFileType = sourcecode.swift; path = DetailsScreenViewModel.swift; sourceTree = "<group>"; };
		E94149A62A8EB26700269B94 /* DetailsMainCell.swift */ = {isa = PBXFileReference; lastKnownFileType = sourcecode.swift; path = DetailsMainCell.swift; sourceTree = "<group>"; };
		E94149AA2A8EBC2C00269B94 /* DetailsEpisodeCell.swift */ = {isa = PBXFileReference; lastKnownFileType = sourcecode.swift; path = DetailsEpisodeCell.swift; sourceTree = "<group>"; };
		E94149AC2A8ED0CA00269B94 /* DetailsSectionHeader.swift */ = {isa = PBXFileReference; lastKnownFileType = sourcecode.swift; path = DetailsSectionHeader.swift; sourceTree = "<group>"; };
		E94149AE2A8F896800269B94 /* DetailsInfoCell.swift */ = {isa = PBXFileReference; lastKnownFileType = sourcecode.swift; path = DetailsInfoCell.swift; sourceTree = "<group>"; };
		E94149B02A8F9DC400269B94 /* DetailsOriginCell.swift */ = {isa = PBXFileReference; lastKnownFileType = sourcecode.swift; path = DetailsOriginCell.swift; sourceTree = "<group>"; };
		E94149B22A9153BF00269B94 /* StringFormatter.swift */ = {isa = PBXFileReference; lastKnownFileType = sourcecode.swift; path = StringFormatter.swift; sourceTree = "<group>"; };
		E94149B42A9238CC00269B94 /* CharacterDetailsModel.swift */ = {isa = PBXFileReference; lastKnownFileType = sourcecode.swift; path = CharacterDetailsModel.swift; sourceTree = "<group>"; };
		E94149B82A92391D00269B94 /* LocationModel.swift */ = {isa = PBXFileReference; lastKnownFileType = sourcecode.swift; path = LocationModel.swift; sourceTree = "<group>"; };
		E94149BA2A92393B00269B94 /* EpisodeModel.swift */ = {isa = PBXFileReference; lastKnownFileType = sourcecode.swift; path = EpisodeModel.swift; sourceTree = "<group>"; };
		E94149BC2A92397B00269B94 /* CharacterModel.swift */ = {isa = PBXFileReference; lastKnownFileType = sourcecode.swift; path = CharacterModel.swift; sourceTree = "<group>"; };
		E94149BE2A92399300269B94 /* InfoModel.swift */ = {isa = PBXFileReference; lastKnownFileType = sourcecode.swift; path = InfoModel.swift; sourceTree = "<group>"; };
		E94A0D112AC4542100A6AF9F /* MainScreenCollectionCellViewModel.swift */ = {isa = PBXFileReference; lastKnownFileType = sourcecode.swift; path = MainScreenCollectionCellViewModel.swift; sourceTree = "<group>"; };
		E94A0D132AC5997B00A6AF9F /* Constants.swift */ = {isa = PBXFileReference; lastKnownFileType = sourcecode.swift; path = Constants.swift; sourceTree = "<group>"; };
		E94B02F62A9261890097A463 /* DetailsTableViewSourceManager.swift */ = {isa = PBXFileReference; lastKnownFileType = sourcecode.swift; path = DetailsTableViewSourceManager.swift; sourceTree = "<group>"; };
		E94B02F92A937B420097A463 /* MainCollectionViewFlowLayoutСonstants.swift */ = {isa = PBXFileReference; lastKnownFileType = sourcecode.swift; path = "MainCollectionViewFlowLayoutСonstants.swift"; sourceTree = "<group>"; };
		E96E81232AB218700058F9DC /* CustomColor.swift */ = {isa = PBXFileReference; fileEncoding = 4; lastKnownFileType = sourcecode.swift; path = CustomColor.swift; sourceTree = "<group>"; };
		E96E81242AB218700058F9DC /* BaseViewController.swift */ = {isa = PBXFileReference; fileEncoding = 4; lastKnownFileType = sourcecode.swift; path = BaseViewController.swift; sourceTree = "<group>"; };
		E96E81252AB218700058F9DC /* GradientLoader.swift */ = {isa = PBXFileReference; fileEncoding = 4; lastKnownFileType = sourcecode.swift; path = GradientLoader.swift; sourceTree = "<group>"; };
		E96E81262AB218700058F9DC /* BaseNavigationController.swift */ = {isa = PBXFileReference; fileEncoding = 4; lastKnownFileType = sourcecode.swift; path = BaseNavigationController.swift; sourceTree = "<group>"; };
		E96E812B2AB23AEA0058F9DC /* CoreDataCharacterModel.swift */ = {isa = PBXFileReference; fileEncoding = 4; lastKnownFileType = sourcecode.swift; path = CoreDataCharacterModel.swift; sourceTree = "<group>"; };
		E96E812C2AB23AEA0058F9DC /* CoreDataManager.swift */ = {isa = PBXFileReference; fileEncoding = 4; lastKnownFileType = sourcecode.swift; path = CoreDataManager.swift; sourceTree = "<group>"; };
		E96E81362AB245CD0058F9DC /* CoreData.xcdatamodel */ = {isa = PBXFileReference; lastKnownFileType = wrapper.xcdatamodel; path = CoreData.xcdatamodel; sourceTree = "<group>"; };
		E9FFEC9B2A8E239C00ED532B /* RickAndMorty.app */ = {isa = PBXFileReference; explicitFileType = wrapper.application; includeInIndex = 0; path = RickAndMorty.app; sourceTree = BUILT_PRODUCTS_DIR; };
		E9FFEC9E2A8E239C00ED532B /* AppDelegate.swift */ = {isa = PBXFileReference; lastKnownFileType = sourcecode.swift; path = AppDelegate.swift; sourceTree = "<group>"; };
		E9FFECA72A8E239E00ED532B /* Assets.xcassets */ = {isa = PBXFileReference; lastKnownFileType = folder.assetcatalog; path = Assets.xcassets; sourceTree = "<group>"; };
		E9FFECAA2A8E239E00ED532B /* Base */ = {isa = PBXFileReference; lastKnownFileType = file.storyboard; name = Base; path = Base.lproj/LaunchScreen.storyboard; sourceTree = "<group>"; };
		E9FFECAC2A8E239E00ED532B /* Info.plist */ = {isa = PBXFileReference; lastKnownFileType = text.plist.xml; path = Info.plist; sourceTree = "<group>"; };
		E9FFECC22A8E504100ED532B /* MainScreenView.swift */ = {isa = PBXFileReference; lastKnownFileType = sourcecode.swift; path = MainScreenView.swift; sourceTree = "<group>"; };
		E9FFECC42A8E505700ED532B /* MainScreenViewModel.swift */ = {isa = PBXFileReference; lastKnownFileType = sourcecode.swift; path = MainScreenViewModel.swift; sourceTree = "<group>"; };
		E9FFECC62A8E507600ED532B /* MainScreenCollectionCell.swift */ = {isa = PBXFileReference; lastKnownFileType = sourcecode.swift; path = MainScreenCollectionCell.swift; sourceTree = "<group>"; };
/* End PBXFileReference section */

/* Begin PBXFrameworksBuildPhase section */
		E9FFEC982A8E239C00ED532B /* Frameworks */ = {
			isa = PBXFrameworksBuildPhase;
			buildActionMask = 2147483647;
			files = (
			);
			runOnlyForDeploymentPostprocessing = 0;
		};
/* End PBXFrameworksBuildPhase section */

/* Begin PBXGroup section */
		E94B02F32A9251680097A463 /* ViewModel */ = {
			isa = PBXGroup;
			children = (
				E9FFECC42A8E505700ED532B /* MainScreenViewModel.swift */,
			);
			path = ViewModel;
			sourceTree = "<group>";
		};
		E94B02F42A9251960097A463 /* ViewModel */ = {
			isa = PBXGroup;
			children = (
				E94149A42A8EA9D300269B94 /* DetailsScreenViewModel.swift */,
			);
			path = ViewModel;
			sourceTree = "<group>";
		};
		E94B02F52A9261780097A463 /* Manager */ = {
			isa = PBXGroup;
			children = (
				E94B02F62A9261890097A463 /* DetailsTableViewSourceManager.swift */,
			);
			path = Manager;
			sourceTree = "<group>";
		};
		E94B02F82A937B280097A463 /* Manager */ = {
			isa = PBXGroup;
			children = (
				E94B02F92A937B420097A463 /* MainCollectionViewFlowLayoutСonstants.swift */,
			);
			path = Manager;
			sourceTree = "<group>";
		};
		E96E81222AB218700058F9DC /* Components */ = {
			isa = PBXGroup;
			children = (
				E96E81232AB218700058F9DC /* CustomColor.swift */,
				E96E81242AB218700058F9DC /* BaseViewController.swift */,
				E96E81252AB218700058F9DC /* GradientLoader.swift */,
				E96E81262AB218700058F9DC /* BaseNavigationController.swift */,
				E94A0D132AC5997B00A6AF9F /* Constants.swift */,
			);
			path = Components;
			sourceTree = "<group>";
		};
		E96E81382AB2559C0058F9DC /* SaveLoadService */ = {
			isa = PBXGroup;
			children = (
				E96E81352AB245CD0058F9DC /* CoreData.xcdatamodeld */,
				E96E812B2AB23AEA0058F9DC /* CoreDataCharacterModel.swift */,
				E96E812C2AB23AEA0058F9DC /* CoreDataManager.swift */,
			);
			path = SaveLoadService;
			sourceTree = "<group>";
		};
		E9FFEC922A8E239C00ED532B = {
			isa = PBXGroup;
			children = (
				E9FFEC9D2A8E239C00ED532B /* RickAndMorty */,
				E9FFEC9C2A8E239C00ED532B /* Products */,
			);
			sourceTree = "<group>";
		};
		E9FFEC9C2A8E239C00ED532B /* Products */ = {
			isa = PBXGroup;
			children = (
				E9FFEC9B2A8E239C00ED532B /* RickAndMorty.app */,
			);
			name = Products;
			sourceTree = "<group>";
		};
		E9FFEC9D2A8E239C00ED532B /* RickAndMorty */ = {
			isa = PBXGroup;
			children = (
				E9FFECB22A8E3EEC00ED532B /* Basics */,
				E9FFECB32A8E3F1600ED532B /* Services */,
				E9FFECB42A8E3F3A00ED532B /* MainScreen */,
				E9FFECB52A8E3F5200ED532B /* DetailsScreen */,
				E9FFECA92A8E239E00ED532B /* LaunchScreen.storyboard */,
				E9FFECA72A8E239E00ED532B /* Assets.xcassets */,
				E9FFECAC2A8E239E00ED532B /* Info.plist */,
			);
			path = RickAndMorty;
			sourceTree = "<group>";
		};
		E9FFECB22A8E3EEC00ED532B /* Basics */ = {
			isa = PBXGroup;
			children = (
				E9FFEC9E2A8E239C00ED532B /* AppDelegate.swift */,
				E96E81222AB218700058F9DC /* Components */,
			);
			path = Basics;
			sourceTree = "<group>";
		};
		E9FFECB32A8E3F1600ED532B /* Services */ = {
			isa = PBXGroup;
			children = (
				E94149A02A8E95B700269B94 /* RequestService.swift */,
				E94149B22A9153BF00269B94 /* StringFormatter.swift */,
				E96E81382AB2559C0058F9DC /* SaveLoadService */,
			);
			path = Services;
			sourceTree = "<group>";
		};
		E9FFECB42A8E3F3A00ED532B /* MainScreen */ = {
			isa = PBXGroup;
			children = (
				E94B02F82A937B280097A463 /* Manager */,
				E9FFECBD2A8E469100ED532B /* Model */,
				E9FFECBC2A8E467F00ED532B /* View */,
				E94B02F32A9251680097A463 /* ViewModel */,
			);
			path = MainScreen;
			sourceTree = "<group>";
		};
		E9FFECB52A8E3F5200ED532B /* DetailsScreen */ = {
			isa = PBXGroup;
			children = (
				E94B02F52A9261780097A463 /* Manager */,
				E9FFECC02A8E46AC00ED532B /* Model */,
				E9FFECBF2A8E46A600ED532B /* View */,
				E94B02F42A9251960097A463 /* ViewModel */,
			);
			path = DetailsScreen;
			sourceTree = "<group>";
		};
		E9FFECBC2A8E467F00ED532B /* View */ = {
			isa = PBXGroup;
			children = (
				E9FFECC22A8E504100ED532B /* MainScreenView.swift */,
				E9FFECBE2A8E469B00ED532B /* Components */,
			);
			path = View;
			sourceTree = "<group>";
		};
		E9FFECBD2A8E469100ED532B /* Model */ = {
			isa = PBXGroup;
			children = (
				E94149BE2A92399300269B94 /* InfoModel.swift */,
				E94149BC2A92397B00269B94 /* CharacterModel.swift */,
			);
			path = Model;
			sourceTree = "<group>";
		};
		E9FFECBE2A8E469B00ED532B /* Components */ = {
			isa = PBXGroup;
			children = (
				E9FFECC62A8E507600ED532B /* MainScreenCollectionCell.swift */,
				E94A0D112AC4542100A6AF9F /* MainScreenCollectionCellViewModel.swift */,
			);
			path = Components;
			sourceTree = "<group>";
		};
		E9FFECBF2A8E46A600ED532B /* View */ = {
			isa = PBXGroup;
			children = (
				E94149A22A8EA8FA00269B94 /* DetailsScreenView.swift */,
				E9FFECC12A8E46B300ED532B /* Components */,
			);
			path = View;
			sourceTree = "<group>";
		};
		E9FFECC02A8E46AC00ED532B /* Model */ = {
			isa = PBXGroup;
			children = (
				E94149B42A9238CC00269B94 /* CharacterDetailsModel.swift */,
				E94149B82A92391D00269B94 /* LocationModel.swift */,
				E94149BA2A92393B00269B94 /* EpisodeModel.swift */,
			);
			path = Model;
			sourceTree = "<group>";
		};
		E9FFECC12A8E46B300ED532B /* Components */ = {
			isa = PBXGroup;
			children = (
				E94149AC2A8ED0CA00269B94 /* DetailsSectionHeader.swift */,
				E94149A62A8EB26700269B94 /* DetailsMainCell.swift */,
				E94149AE2A8F896800269B94 /* DetailsInfoCell.swift */,
				E94149B02A8F9DC400269B94 /* DetailsOriginCell.swift */,
				E94149AA2A8EBC2C00269B94 /* DetailsEpisodeCell.swift */,
			);
			path = Components;
			sourceTree = "<group>";
		};
/* End PBXGroup section */

/* Begin PBXNativeTarget section */
		E9FFEC9A2A8E239C00ED532B /* RickAndMorty */ = {
			isa = PBXNativeTarget;
			buildConfigurationList = E9FFECAF2A8E239E00ED532B /* Build configuration list for PBXNativeTarget "RickAndMorty" */;
			buildPhases = (
				E9FFEC972A8E239C00ED532B /* Sources */,
				E9FFEC982A8E239C00ED532B /* Frameworks */,
				E9FFEC992A8E239C00ED532B /* Resources */,
			);
			buildRules = (
			);
			dependencies = (
			);
			name = RickAndMorty;
			productName = RickAndMorty;
			productReference = E9FFEC9B2A8E239C00ED532B /* RickAndMorty.app */;
			productType = "com.apple.product-type.application";
		};
/* End PBXNativeTarget section */

/* Begin PBXProject section */
		E9FFEC932A8E239C00ED532B /* Project object */ = {
			isa = PBXProject;
			attributes = {
				BuildIndependentTargetsInParallel = 1;
				LastSwiftUpdateCheck = 1420;
				LastUpgradeCheck = 1420;
				TargetAttributes = {
					E9FFEC9A2A8E239C00ED532B = {
						CreatedOnToolsVersion = 14.2;
					};
				};
			};
			buildConfigurationList = E9FFEC962A8E239C00ED532B /* Build configuration list for PBXProject "RickAndMorty" */;
			compatibilityVersion = "Xcode 14.0";
			developmentRegion = en;
			hasScannedForEncodings = 0;
			knownRegions = (
				en,
				Base,
			);
			mainGroup = E9FFEC922A8E239C00ED532B;
			productRefGroup = E9FFEC9C2A8E239C00ED532B /* Products */;
			projectDirPath = "";
			projectRoot = "";
			targets = (
				E9FFEC9A2A8E239C00ED532B /* RickAndMorty */,
			);
		};
/* End PBXProject section */

/* Begin PBXResourcesBuildPhase section */
		E9FFEC992A8E239C00ED532B /* Resources */ = {
			isa = PBXResourcesBuildPhase;
			buildActionMask = 2147483647;
			files = (
				E9FFECAB2A8E239E00ED532B /* LaunchScreen.storyboard in Resources */,
				E9FFECA82A8E239E00ED532B /* Assets.xcassets in Resources */,
			);
			runOnlyForDeploymentPostprocessing = 0;
		};
/* End PBXResourcesBuildPhase section */

/* Begin PBXSourcesBuildPhase section */
		E9FFEC972A8E239C00ED532B /* Sources */ = {
			isa = PBXSourcesBuildPhase;
			buildActionMask = 2147483647;
			files = (
				E94B02F72A9261890097A463 /* DetailsTableViewSourceManager.swift in Sources */,
				E94149AD2A8ED0CA00269B94 /* DetailsSectionHeader.swift in Sources */,
				E96E81372AB245CD0058F9DC /* CoreData.xcdatamodeld in Sources */,
				E94149BD2A92397B00269B94 /* CharacterModel.swift in Sources */,
				E96E81292AB218700058F9DC /* GradientLoader.swift in Sources */,
				E94A0D142AC5997B00A6AF9F /* Constants.swift in Sources */,
				E94149A12A8E95B700269B94 /* RequestService.swift in Sources */,
				E94149B12A8F9DC400269B94 /* DetailsOriginCell.swift in Sources */,
				E94A0D122AC4542100A6AF9F /* MainScreenCollectionCellViewModel.swift in Sources */,
				E94149A52A8EA9D300269B94 /* DetailsScreenViewModel.swift in Sources */,
				E94149B92A92391D00269B94 /* LocationModel.swift in Sources */,
				E96E812A2AB218700058F9DC /* BaseNavigationController.swift in Sources */,
				E96E812D2AB23AEA0058F9DC /* CoreDataCharacterModel.swift in Sources */,
				E9FFECC72A8E507600ED532B /* MainScreenCollectionCell.swift in Sources */,
				E96E81272AB218700058F9DC /* CustomColor.swift in Sources */,
				E94B02FA2A937B420097A463 /* MainCollectionViewFlowLayoutСonstants.swift in Sources */,
				E94149A72A8EB26700269B94 /* DetailsMainCell.swift in Sources */,
				E94149BB2A92393B00269B94 /* EpisodeModel.swift in Sources */,
				E94149BF2A92399300269B94 /* InfoModel.swift in Sources */,
				E96E81282AB218700058F9DC /* BaseViewController.swift in Sources */,
				E94149AB2A8EBC2C00269B94 /* DetailsEpisodeCell.swift in Sources */,
				E94149B52A9238CC00269B94 /* CharacterDetailsModel.swift in Sources */,
				E94149A32A8EA8FA00269B94 /* DetailsScreenView.swift in Sources */,
				E96E812E2AB23AEA0058F9DC /* CoreDataManager.swift in Sources */,
				E9FFECB62A8E413A00ED532B /* AppDelegate.swift in Sources */,
				E94149B32A9153BF00269B94 /* StringFormatter.swift in Sources */,
				E9FFECC52A8E505700ED532B /* MainScreenViewModel.swift in Sources */,
				E94149AF2A8F896800269B94 /* DetailsInfoCell.swift in Sources */,
				E9FFECC32A8E504100ED532B /* MainScreenView.swift in Sources */,
			);
			runOnlyForDeploymentPostprocessing = 0;
		};
/* End PBXSourcesBuildPhase section */

/* Begin PBXVariantGroup section */
		E9FFECA92A8E239E00ED532B /* LaunchScreen.storyboard */ = {
			isa = PBXVariantGroup;
			children = (
				E9FFECAA2A8E239E00ED532B /* Base */,
			);
			name = LaunchScreen.storyboard;
			sourceTree = "<group>";
		};
/* End PBXVariantGroup section */

/* Begin XCBuildConfiguration section */
		E9FFECAD2A8E239E00ED532B /* Debug */ = {
			isa = XCBuildConfiguration;
			buildSettings = {
				ALWAYS_SEARCH_USER_PATHS = NO;
				CLANG_ANALYZER_NONNULL = YES;
				CLANG_ANALYZER_NUMBER_OBJECT_CONVERSION = YES_AGGRESSIVE;
				CLANG_CXX_LANGUAGE_STANDARD = "gnu++20";
				CLANG_ENABLE_MODULES = YES;
				CLANG_ENABLE_OBJC_ARC = YES;
				CLANG_ENABLE_OBJC_WEAK = YES;
				CLANG_WARN_BLOCK_CAPTURE_AUTORELEASING = YES;
				CLANG_WARN_BOOL_CONVERSION = YES;
				CLANG_WARN_COMMA = YES;
				CLANG_WARN_CONSTANT_CONVERSION = YES;
				CLANG_WARN_DEPRECATED_OBJC_IMPLEMENTATIONS = YES;
				CLANG_WARN_DIRECT_OBJC_ISA_USAGE = YES_ERROR;
				CLANG_WARN_DOCUMENTATION_COMMENTS = YES;
				CLANG_WARN_EMPTY_BODY = YES;
				CLANG_WARN_ENUM_CONVERSION = YES;
				CLANG_WARN_INFINITE_RECURSION = YES;
				CLANG_WARN_INT_CONVERSION = YES;
				CLANG_WARN_NON_LITERAL_NULL_CONVERSION = YES;
				CLANG_WARN_OBJC_IMPLICIT_RETAIN_SELF = YES;
				CLANG_WARN_OBJC_LITERAL_CONVERSION = YES;
				CLANG_WARN_OBJC_ROOT_CLASS = YES_ERROR;
				CLANG_WARN_QUOTED_INCLUDE_IN_FRAMEWORK_HEADER = YES;
				CLANG_WARN_RANGE_LOOP_ANALYSIS = YES;
				CLANG_WARN_STRICT_PROTOTYPES = YES;
				CLANG_WARN_SUSPICIOUS_MOVE = YES;
				CLANG_WARN_UNGUARDED_AVAILABILITY = YES_AGGRESSIVE;
				CLANG_WARN_UNREACHABLE_CODE = YES;
				CLANG_WARN__DUPLICATE_METHOD_MATCH = YES;
				COPY_PHASE_STRIP = NO;
				DEBUG_INFORMATION_FORMAT = dwarf;
				ENABLE_STRICT_OBJC_MSGSEND = YES;
				ENABLE_TESTABILITY = YES;
				GCC_C_LANGUAGE_STANDARD = gnu11;
				GCC_DYNAMIC_NO_PIC = NO;
				GCC_NO_COMMON_BLOCKS = YES;
				GCC_OPTIMIZATION_LEVEL = 0;
				GCC_PREPROCESSOR_DEFINITIONS = (
					"DEBUG=1",
					"$(inherited)",
				);
				GCC_WARN_64_TO_32_BIT_CONVERSION = YES;
				GCC_WARN_ABOUT_RETURN_TYPE = YES_ERROR;
				GCC_WARN_UNDECLARED_SELECTOR = YES;
				GCC_WARN_UNINITIALIZED_AUTOS = YES_AGGRESSIVE;
				GCC_WARN_UNUSED_FUNCTION = YES;
				GCC_WARN_UNUSED_VARIABLE = YES;
				IPHONEOS_DEPLOYMENT_TARGET = 16.2;
				MTL_ENABLE_DEBUG_INFO = INCLUDE_SOURCE;
				MTL_FAST_MATH = YES;
				ONLY_ACTIVE_ARCH = YES;
				SDKROOT = iphoneos;
				SWIFT_ACTIVE_COMPILATION_CONDITIONS = DEBUG;
				SWIFT_OPTIMIZATION_LEVEL = "-Onone";
			};
			name = Debug;
		};
		E9FFECAE2A8E239E00ED532B /* Release */ = {
			isa = XCBuildConfiguration;
			buildSettings = {
				ALWAYS_SEARCH_USER_PATHS = NO;
				CLANG_ANALYZER_NONNULL = YES;
				CLANG_ANALYZER_NUMBER_OBJECT_CONVERSION = YES_AGGRESSIVE;
				CLANG_CXX_LANGUAGE_STANDARD = "gnu++20";
				CLANG_ENABLE_MODULES = YES;
				CLANG_ENABLE_OBJC_ARC = YES;
				CLANG_ENABLE_OBJC_WEAK = YES;
				CLANG_WARN_BLOCK_CAPTURE_AUTORELEASING = YES;
				CLANG_WARN_BOOL_CONVERSION = YES;
				CLANG_WARN_COMMA = YES;
				CLANG_WARN_CONSTANT_CONVERSION = YES;
				CLANG_WARN_DEPRECATED_OBJC_IMPLEMENTATIONS = YES;
				CLANG_WARN_DIRECT_OBJC_ISA_USAGE = YES_ERROR;
				CLANG_WARN_DOCUMENTATION_COMMENTS = YES;
				CLANG_WARN_EMPTY_BODY = YES;
				CLANG_WARN_ENUM_CONVERSION = YES;
				CLANG_WARN_INFINITE_RECURSION = YES;
				CLANG_WARN_INT_CONVERSION = YES;
				CLANG_WARN_NON_LITERAL_NULL_CONVERSION = YES;
				CLANG_WARN_OBJC_IMPLICIT_RETAIN_SELF = YES;
				CLANG_WARN_OBJC_LITERAL_CONVERSION = YES;
				CLANG_WARN_OBJC_ROOT_CLASS = YES_ERROR;
				CLANG_WARN_QUOTED_INCLUDE_IN_FRAMEWORK_HEADER = YES;
				CLANG_WARN_RANGE_LOOP_ANALYSIS = YES;
				CLANG_WARN_STRICT_PROTOTYPES = YES;
				CLANG_WARN_SUSPICIOUS_MOVE = YES;
				CLANG_WARN_UNGUARDED_AVAILABILITY = YES_AGGRESSIVE;
				CLANG_WARN_UNREACHABLE_CODE = YES;
				CLANG_WARN__DUPLICATE_METHOD_MATCH = YES;
				COPY_PHASE_STRIP = NO;
				DEBUG_INFORMATION_FORMAT = "dwarf-with-dsym";
				ENABLE_NS_ASSERTIONS = NO;
				ENABLE_STRICT_OBJC_MSGSEND = YES;
				GCC_C_LANGUAGE_STANDARD = gnu11;
				GCC_NO_COMMON_BLOCKS = YES;
				GCC_WARN_64_TO_32_BIT_CONVERSION = YES;
				GCC_WARN_ABOUT_RETURN_TYPE = YES_ERROR;
				GCC_WARN_UNDECLARED_SELECTOR = YES;
				GCC_WARN_UNINITIALIZED_AUTOS = YES_AGGRESSIVE;
				GCC_WARN_UNUSED_FUNCTION = YES;
				GCC_WARN_UNUSED_VARIABLE = YES;
				IPHONEOS_DEPLOYMENT_TARGET = 16.2;
				MTL_ENABLE_DEBUG_INFO = NO;
				MTL_FAST_MATH = YES;
				SDKROOT = iphoneos;
				SWIFT_COMPILATION_MODE = wholemodule;
				SWIFT_OPTIMIZATION_LEVEL = "-O";
				VALIDATE_PRODUCT = YES;
			};
			name = Release;
		};
		E9FFECB02A8E239E00ED532B /* Debug */ = {
			isa = XCBuildConfiguration;
			buildSettings = {
				ASSETCATALOG_COMPILER_APPICON_NAME = AppIcon;
				ASSETCATALOG_COMPILER_GLOBAL_ACCENT_COLOR_NAME = AccentColor;
				CODE_SIGN_STYLE = Automatic;
				CURRENT_PROJECT_VERSION = 1;
				DEVELOPMENT_TEAM = VKVBX8RQ53;
				GENERATE_INFOPLIST_FILE = YES;
				INFOPLIST_FILE = RickAndMorty/Info.plist;
				INFOPLIST_KEY_UIApplicationSupportsIndirectInputEvents = YES;
				INFOPLIST_KEY_UILaunchStoryboardName = LaunchScreen;
				INFOPLIST_KEY_UIStatusBarStyle = "";
				INFOPLIST_KEY_UISupportedInterfaceOrientations = UIInterfaceOrientationPortrait;
				INFOPLIST_KEY_UISupportedInterfaceOrientations_iPad = "UIInterfaceOrientationLandscapeLeft UIInterfaceOrientationLandscapeRight UIInterfaceOrientationPortrait UIInterfaceOrientationPortraitUpsideDown";
				LD_RUNPATH_SEARCH_PATHS = (
					"$(inherited)",
					"@executable_path/Frameworks",
				);
				MARKETING_VERSION = 1.0;
				PRODUCT_BUNDLE_IDENTIFIER = com.pavelspitsin.RickAndMorty;
				PRODUCT_NAME = "$(TARGET_NAME)";
				SUPPORTED_PLATFORMS = "iphoneos iphonesimulator";
				SUPPORTS_MACCATALYST = NO;
				SUPPORTS_MAC_DESIGNED_FOR_IPHONE_IPAD = NO;
				SWIFT_EMIT_LOC_STRINGS = YES;
				SWIFT_VERSION = 5.0;
				TARGETED_DEVICE_FAMILY = 1;
			};
			name = Debug;
		};
		E9FFECB12A8E239E00ED532B /* Release */ = {
			isa = XCBuildConfiguration;
			buildSettings = {
				ASSETCATALOG_COMPILER_APPICON_NAME = AppIcon;
				ASSETCATALOG_COMPILER_GLOBAL_ACCENT_COLOR_NAME = AccentColor;
				CODE_SIGN_STYLE = Automatic;
				CURRENT_PROJECT_VERSION = 1;
				DEVELOPMENT_TEAM = VKVBX8RQ53;
				GENERATE_INFOPLIST_FILE = YES;
				INFOPLIST_FILE = RickAndMorty/Info.plist;
				INFOPLIST_KEY_UIApplicationSupportsIndirectInputEvents = YES;
				INFOPLIST_KEY_UILaunchStoryboardName = LaunchScreen;
				INFOPLIST_KEY_UIStatusBarStyle = "";
				INFOPLIST_KEY_UISupportedInterfaceOrientations = UIInterfaceOrientationPortrait;
				INFOPLIST_KEY_UISupportedInterfaceOrientations_iPad = "UIInterfaceOrientationLandscapeLeft UIInterfaceOrientationLandscapeRight UIInterfaceOrientationPortrait UIInterfaceOrientationPortraitUpsideDown";
				LD_RUNPATH_SEARCH_PATHS = (
					"$(inherited)",
					"@executable_path/Frameworks",
				);
				MARKETING_VERSION = 1.0;
				PRODUCT_BUNDLE_IDENTIFIER = com.pavelspitsin.RickAndMorty;
				PRODUCT_NAME = "$(TARGET_NAME)";
				SUPPORTED_PLATFORMS = "iphoneos iphonesimulator";
				SUPPORTS_MACCATALYST = NO;
				SUPPORTS_MAC_DESIGNED_FOR_IPHONE_IPAD = NO;
				SWIFT_EMIT_LOC_STRINGS = YES;
				SWIFT_VERSION = 5.0;
				TARGETED_DEVICE_FAMILY = 1;
			};
			name = Release;
		};
/* End XCBuildConfiguration section */

/* Begin XCConfigurationList section */
		E9FFEC962A8E239C00ED532B /* Build configuration list for PBXProject "RickAndMorty" */ = {
			isa = XCConfigurationList;
			buildConfigurations = (
				E9FFECAD2A8E239E00ED532B /* Debug */,
				E9FFECAE2A8E239E00ED532B /* Release */,
			);
			defaultConfigurationIsVisible = 0;
			defaultConfigurationName = Release;
		};
		E9FFECAF2A8E239E00ED532B /* Build configuration list for PBXNativeTarget "RickAndMorty" */ = {
			isa = XCConfigurationList;
			buildConfigurations = (
				E9FFECB02A8E239E00ED532B /* Debug */,
				E9FFECB12A8E239E00ED532B /* Release */,
			);
			defaultConfigurationIsVisible = 0;
			defaultConfigurationName = Release;
		};
/* End XCConfigurationList section */

/* Begin XCVersionGroup section */
		E96E81352AB245CD0058F9DC /* CoreData.xcdatamodeld */ = {
			isa = XCVersionGroup;
			children = (
				E96E81362AB245CD0058F9DC /* CoreData.xcdatamodel */,
			);
			currentVersion = E96E81362AB245CD0058F9DC /* CoreData.xcdatamodel */;
			path = CoreData.xcdatamodeld;
			sourceTree = "<group>";
			versionGroupType = wrapper.xcdatamodel;
		};
/* End XCVersionGroup section */
	};
	rootObject = E9FFEC932A8E239C00ED532B /* Project object */;
}
